
Microsoft Visual Studio Solution File, Format Version 12.00
# Visual Studio Version 17
VisualStudioVersion = 17.8.34330.188
MinimumVisualStudioVersion = 10.0.40219.1
Project("{9A19103F-16F7-4668-BE54-9A1E7A4F7556}") = "SimpleProjectManager.Module", "SimpleProjectManager.Module\SimpleProjectManager.Module.csproj", "{B538130C-4FCC-4868-A4E2-A6F94F84D172}"
EndProject
Project("{9A19103F-16F7-4668-BE54-9A1E7A4F7556}") = "SimpleProjectManager.Win", "SimpleProjectManager.Win\SimpleProjectManager.Win.csproj", "{B97A8538-7E28-41DC-A16F-A929FBD4BBF7}"
EndProject
Project("{9A19103F-16F7-4668-BE54-9A1E7A4F7556}") = "SimpleProjectManager.Blazor.Server", "SimpleProjectManager.Blazor.Server\SimpleProjectManager.Blazor.Server.csproj", "{A4869F25-8037-431E-A03E-507168467C81}"
EndProject
Global
	GlobalSection(SolutionConfigurationPlatforms) = preSolution
		Debug|Any CPU = Debug|Any CPU
		EasyTest|Any CPU = EasyTest|Any CPU
		Release|Any CPU = Release|Any CPU
	EndGlobalSection
	GlobalSection(ProjectConfigurationPlatforms) = postSolution
		{B538130C-4FCC-4868-A4E2-A6F94F84D172}.Debug|Any CPU.ActiveCfg = Debug|Any CPU
		{B538130C-4FCC-4868-A4E2-A6F94F84D172}.Debug|Any CPU.Build.0 = Debug|Any CPU
		{B538130C-4FCC-4868-A4E2-A6F94F84D172}.EasyTest|Any CPU.ActiveCfg = EasyTest|Any CPU
		{B538130C-4FCC-4868-A4E2-A6F94F84D172}.EasyTest|Any CPU.Build.0 = EasyTest|Any CPU
		{B538130C-4FCC-4868-A4E2-A6F94F84D172}.Release|Any CPU.ActiveCfg = Release|Any CPU
		{B538130C-4FCC-4868-A4E2-A6F94F84D172}.Release|Any CPU.Build.0 = Release|Any CPU
		{B97A8538-7E28-41DC-A16F-A929FBD4BBF7}.Debug|Any CPU.ActiveCfg = Debug|Any CPU
		{B97A8538-7E28-41DC-A16F-A929FBD4BBF7}.Debug|Any CPU.Build.0 = Debug|Any CPU
		{B97A8538-7E28-41DC-A16F-A929FBD4BBF7}.EasyTest|Any CPU.ActiveCfg = EasyTest|Any CPU
		{B97A8538-7E28-41DC-A16F-A929FBD4BBF7}.EasyTest|Any CPU.Build.0 = EasyTest|Any CPU
		{B97A8538-7E28-41DC-A16F-A929FBD4BBF7}.Release|Any CPU.ActiveCfg = Release|Any CPU
		{B97A8538-7E28-41DC-A16F-A929FBD4BBF7}.Release|Any CPU.Build.0 = Release|Any CPU
		{A4869F25-8037-431E-A03E-507168467C81}.Debug|Any CPU.ActiveCfg = Debug|Any CPU
		{A4869F25-8037-431E-A03E-507168467C81}.Debug|Any CPU.Build.0 = Debug|Any CPU
		{A4869F25-8037-431E-A03E-507168467C81}.EasyTest|Any CPU.ActiveCfg = EasyTest|Any CPU
		{A4869F25-8037-431E-A03E-507168467C81}.EasyTest|Any CPU.Build.0 = EasyTest|Any CPU
		{A4869F25-8037-431E-A03E-507168467C81}.Release|Any CPU.ActiveCfg = Release|Any CPU
		{A4869F25-8037-431E-A03E-507168467C81}.Release|Any CPU.Build.0 = Release|Any CPU
	EndGlobalSection
	GlobalSection(SolutionProperties) = preSolution
		HideSolutionNode = FALSE
	EndGlobalSection
EndGlobal
